
Microsoft Visual Studio Solution File, Format Version 12.00
# Visual Studio Version 16
VisualStudioVersion = 16.0.32602.291
MinimumVisualStudioVersion = 10.0.40219.1
Project("{FAE04EC0-301F-11D3-BF4B-00C04F79EFBC}") = "myApp", "myApp\myApp.csproj", "{1699F1D0-AC97-45AB-A872-2382B7A7D6DB}"
EndProject
Global
	GlobalSection(SolutionConfigurationPlatforms) = preSolution
		Debug|Any CPU = Debug|Any CPU
		Release|Any CPU = Release|Any CPU
	EndGlobalSection
	GlobalSection(ProjectConfigurationPlatforms) = postSolution
		{1699F1D0-AC97-45AB-A872-2382B7A7D6DB}.Debug|Any CPU.ActiveCfg = Debug|Any CPU
		{1699F1D0-AC97-45AB-A872-2382B7A7D6DB}.Debug|Any CPU.Build.0 = Debug|Any CPU
		{1699F1D0-AC97-45AB-A872-2382B7A7D6DB}.Release|Any CPU.ActiveCfg = Release|Any CPU
		{1699F1D0-AC97-45AB-A872-2382B7A7D6DB}.Release|Any CPU.Build.0 = Release|Any CPU
	EndGlobalSection
	GlobalSection(SolutionProperties) = preSolution
		HideSolutionNode = FALSE
	EndGlobalSection
	GlobalSection(ExtensibilityGlobals) = postSolution
		SolutionGuid = {E79CBEEE-5564-4782-B1F1-73E38D92AECB}
	EndGlobalSection
EndGlobal
